
Microsoft Visual Studio Solution File, Format Version 12.00
# Visual Studio Version 17
VisualStudioVersion = 17.2.32630.192
MinimumVisualStudioVersion = 10.0.40219.1
Project("{9A19103F-16F7-4668-BE54-9A1E7A4F7556}") = "LoginAuthenticationApi", "LoginAuthentication\LoginAuthenticationApi.csproj", "{7F7EC37D-C464-45B7-B221-E94068D6FE41}"
EndProject
Project("{9A19103F-16F7-4668-BE54-9A1E7A4F7556}") = "EntityLayer", "EntityLayer\EntityLayer.csproj", "{D059E843-1DFD-48FA-992F-BC6E0912F345}"
EndProject
Project("{9A19103F-16F7-4668-BE54-9A1E7A4F7556}") = "DataAccesLayer", "DataAccesLayer\DataAccesLayer.csproj", "{336137F0-381F-416D-A34B-47198F15F574}"
EndProject
Project("{FAE04EC0-301F-11D3-BF4B-00C04F79EFBC}") = "LoginAuthenticationWeb", "LoginAuthenticationWeb\LoginAuthenticationWeb.csproj", "{5B6C16B2-4BD6-4C89-BD5E-E9DB91C9CFF5}"
EndProject
Global
	GlobalSection(SolutionConfigurationPlatforms) = preSolution
		Debug|Any CPU = Debug|Any CPU
		Release|Any CPU = Release|Any CPU
	EndGlobalSection
	GlobalSection(ProjectConfigurationPlatforms) = postSolution
		{7F7EC37D-C464-45B7-B221-E94068D6FE41}.Debug|Any CPU.ActiveCfg = Debug|Any CPU
		{7F7EC37D-C464-45B7-B221-E94068D6FE41}.Debug|Any CPU.Build.0 = Debug|Any CPU
		{7F7EC37D-C464-45B7-B221-E94068D6FE41}.Release|Any CPU.ActiveCfg = Release|Any CPU
		{7F7EC37D-C464-45B7-B221-E94068D6FE41}.Release|Any CPU.Build.0 = Release|Any CPU
		{D059E843-1DFD-48FA-992F-BC6E0912F345}.Debug|Any CPU.ActiveCfg = Debug|Any CPU
		{D059E843-1DFD-48FA-992F-BC6E0912F345}.Debug|Any CPU.Build.0 = Debug|Any CPU
		{D059E843-1DFD-48FA-992F-BC6E0912F345}.Release|Any CPU.ActiveCfg = Release|Any CPU
		{D059E843-1DFD-48FA-992F-BC6E0912F345}.Release|Any CPU.Build.0 = Release|Any CPU
		{336137F0-381F-416D-A34B-47198F15F574}.Debug|Any CPU.ActiveCfg = Debug|Any CPU
		{336137F0-381F-416D-A34B-47198F15F574}.Debug|Any CPU.Build.0 = Debug|Any CPU
		{336137F0-381F-416D-A34B-47198F15F574}.Release|Any CPU.ActiveCfg = Release|Any CPU
		{336137F0-381F-416D-A34B-47198F15F574}.Release|Any CPU.Build.0 = Release|Any CPU
		{5B6C16B2-4BD6-4C89-BD5E-E9DB91C9CFF5}.Debug|Any CPU.ActiveCfg = Debug|Any CPU
		{5B6C16B2-4BD6-4C89-BD5E-E9DB91C9CFF5}.Debug|Any CPU.Build.0 = Debug|Any CPU
		{5B6C16B2-4BD6-4C89-BD5E-E9DB91C9CFF5}.Release|Any CPU.ActiveCfg = Release|Any CPU
		{5B6C16B2-4BD6-4C89-BD5E-E9DB91C9CFF5}.Release|Any CPU.Build.0 = Release|Any CPU
	EndGlobalSection
	GlobalSection(SolutionProperties) = preSolution
		HideSolutionNode = FALSE
	EndGlobalSection
	GlobalSection(ExtensibilityGlobals) = postSolution
		SolutionGuid = {50E261BC-3F9C-4A39-8A40-DED31F3B3044}
	EndGlobalSection
EndGlobal
